{
  "nodes": {
    "home-manager": {
      "inputs": {
        "nixpkgs": [
          "nixpkgs"
        ],
        "utils": "utils"
      },
      "locked": {
        "lastModified": 1676933022,
        "narHash": "sha256-gLghsEHOy2W2ZmSwqNOyj2mSHe9SMpdcbqnoySlZnmY=",
        "owner": "nix-community",
        "repo": "home-manager",
        "rev": "5e889b385c43a8a72ada5ebc4888bbebb129b438",
        "type": "github"
      },
      "original": {
        "owner": "nix-community",
        "repo": "home-manager",
        "type": "github"
      }
    },
    "mrcoverlays": {
      "inputs": {
        "nixpkgs": "nixpkgs"
      },
      "locked": {
        "lastModified": 1675210946,
        "narHash": "sha256-Ss1ELzFjuzla8MTVuYI/ZW+vFQp07fCKDyK948ICIqA=",
        "owner": "MattCairns",
        "repo": "nix-overlays",
        "rev": "fdf5ce841078106163638903871f45981f299bbf",
        "type": "github"
      },
      "original": {
        "owner": "MattCairns",
        "repo": "nix-overlays",
        "type": "github"
      }
    },
    "mrcpkgs": {
      "locked": {
        "lastModified": 1676514888,
        "narHash": "sha256-PgyQFprM8FhI+RmmNYrSZV6u6m2WRahYINoXnOzdR1M=",
        "owner": "MattCairns",
        "repo": "nixpkgs",
        "rev": "a64c98dcfa0881b86268a74001e74fa27f3cb65c",
        "type": "github"
      },
      "original": {
        "owner": "MattCairns",
        "repo": "nixpkgs",
        "type": "github"
      }
    },
    "nixpkgs": {
      "locked": {
        "lastModified": 1675154384,
        "narHash": "sha256-gUXzyTS3WsO3g2Rz0qOYR2a26whkyL2UfTr1oPH9mm8=",
        "owner": "nixos",
        "repo": "nixpkgs",
        "rev": "0218941ea68b4c625533bead7bbb94ccce52dceb",
        "type": "github"
      },
      "original": {
        "owner": "nixos",
        "ref": "nixos-22.11",
        "repo": "nixpkgs",
        "type": "github"
      }
    },
    "nixpkgs_2": {
      "locked": {
        "lastModified": 1676721149,
        "narHash": "sha256-mN2EpTGxxVNnFZLoLWRwh6f7UWhXy4qE+wO2CZyrXps=",
        "owner": "nixos",
        "repo": "nixpkgs",
        "rev": "5f4e07deb7c44f27d498f8df9c5f34750acf52d2",
        "type": "github"
      },
      "original": {
        "owner": "nixos",
        "ref": "nixos-unstable",
        "repo": "nixpkgs",
        "type": "github"
      }
    },
    "root": {
      "inputs": {
        "home-manager": "home-manager",
        "mrcoverlays": "mrcoverlays",
        "mrcpkgs": "mrcpkgs",
        "nixpkgs": "nixpkgs_2"
      }
    },
    "utils": {
      "locked": {
        "lastModified": 1667395993,
        "narHash": "sha256-nuEHfE/LcWyuSWnS8t12N1wc105Qtau+/OdUAjtQ0rA=",
        "owner": "numtide",
        "repo": "flake-utils",
        "rev": "5aed5285a952e0b949eb3ba02c12fa4fcfef535f",
        "type": "github"
      },
      "original": {
        "owner": "numtide",
        "repo": "flake-utils",
        "type": "github"
      }
    }
  },
  "root": "root",
  "version": 7
}
